
Microsoft Visual Studio Solution File, Format Version 12.00
# Visual Studio 15
VisualStudioVersion = 15.0.28307.421
MinimumVisualStudioVersion = 10.0.40219.1
Project("{9A19103F-16F7-4668-BE54-9A1E7A4F7556}") = "Modulo", "Modulo\Modulo.csproj", "{EE71787D-03D2-448D-B0A4-0C7F1A3416BE}"
EndProject
Project("{2150E333-8FDC-42A3-9474-1A3956D46DE8}") = "Framework", "Framework", "{07246DF6-8AA9-46C2-BDFF-8CAC43429A45}"
EndProject
Project("{9A19103F-16F7-4668-BE54-9A1E7A4F7556}") = "ModuloContracts", "ModuloContracts\ModuloContracts.csproj", "{5BF22799-9AFE-45F8-8681-30A774929C31}"
EndProject
Project("{2150E333-8FDC-42A3-9474-1A3956D46DE8}") = "Tests", "Tests", "{A450A918-73DC-43E5-9939-2B1BA0AF7AF4}"
EndProject
Project("{9A19103F-16F7-4668-BE54-9A1E7A4F7556}") = "ModuloContracts.Tests", "ModuloContracts.Tests\ModuloContracts.Tests.csproj", "{B2CF68D5-0CCB-42AC-B33F-1638AC74DC2D}"
EndProject
Project("{9A19103F-16F7-4668-BE54-9A1E7A4F7556}") = "WebUtility", "WebUtility\WebUtility.csproj", "{05172E9E-8F1E-4C58-8A3B-6F804F103C26}"
EndProject
Project("{9A19103F-16F7-4668-BE54-9A1E7A4F7556}") = "WebUtility.Tests", "WebUtility.Tests\WebUtility.Tests.csproj", "{046676D1-7131-4B13-A6B4-2E996CE08DC0}"
EndProject
Project("{9A19103F-16F7-4668-BE54-9A1E7A4F7556}") = "Utility", "Utility\Utility.csproj", "{772AD6FA-CB7F-4BE3-9EA7-08AA996B1842}"
EndProject
Project("{2150E333-8FDC-42A3-9474-1A3956D46DE8}") = "TestModules", "TestModules", "{2DD336CD-22F5-42B1-AC89-5F8E85274995}"
EndProject
Project("{9A19103F-16F7-4668-BE54-9A1E7A4F7556}") = "TestModule", "TestModule\TestModule.csproj", "{A8AB8B56-4C9C-4B0B-9CD6-9D22D66C3EC0}"
EndProject
Project("{9A19103F-16F7-4668-BE54-9A1E7A4F7556}") = "ModuloManager", "ModuloManager\ModuloManager.csproj", "{6982A266-E63A-4861-97F9-054F3090B2E4}"
EndProject
Project("{9A19103F-16F7-4668-BE54-9A1E7A4F7556}") = "DllLoader", "DllLoader\DllLoader.csproj", "{FF2C8E26-0733-4AE7-BEB6-61B091D49993}"
EndProject
Project("{2150E333-8FDC-42A3-9474-1A3956D46DE8}") = "Modules", "Modules", "{0E6F00C1-61F9-4073-B7E2-373180919B12}"
EndProject
Project("{9A19103F-16F7-4668-BE54-9A1E7A4F7556}") = "HomePageAuthonticator", "Modules\HomePageAuthonticator\HomePageAuthonticator.csproj", "{BF87413C-8F67-4A84-99D5-0B8D32A72A9E}"
EndProject
Project("{2150E333-8FDC-42A3-9474-1A3956D46DE8}") = "Areas", "Areas", "{F51BE662-D6A0-4B68-BFFB-97AAF8E71A16}"
EndProject
Project("{FAE04EC0-301F-11D3-BF4B-00C04F79EFBC}") = "HomeArea", "HomeArea\HomeArea.csproj", "{F92CB827-C0C7-4136-84CB-A29D989D99BF}"
EndProject
Global
	GlobalSection(SolutionConfigurationPlatforms) = preSolution
		Debug|Any CPU = Debug|Any CPU
		Release|Any CPU = Release|Any CPU
	EndGlobalSection
	GlobalSection(ProjectConfigurationPlatforms) = postSolution
		{EE71787D-03D2-448D-B0A4-0C7F1A3416BE}.Debug|Any CPU.ActiveCfg = Debug|Any CPU
		{EE71787D-03D2-448D-B0A4-0C7F1A3416BE}.Debug|Any CPU.Build.0 = Debug|Any CPU
		{EE71787D-03D2-448D-B0A4-0C7F1A3416BE}.Release|Any CPU.ActiveCfg = Release|Any CPU
		{EE71787D-03D2-448D-B0A4-0C7F1A3416BE}.Release|Any CPU.Build.0 = Release|Any CPU
		{5BF22799-9AFE-45F8-8681-30A774929C31}.Debug|Any CPU.ActiveCfg = Debug|Any CPU
		{5BF22799-9AFE-45F8-8681-30A774929C31}.Debug|Any CPU.Build.0 = Debug|Any CPU
		{5BF22799-9AFE-45F8-8681-30A774929C31}.Release|Any CPU.ActiveCfg = Release|Any CPU
		{5BF22799-9AFE-45F8-8681-30A774929C31}.Release|Any CPU.Build.0 = Release|Any CPU
		{B2CF68D5-0CCB-42AC-B33F-1638AC74DC2D}.Debug|Any CPU.ActiveCfg = Debug|Any CPU
		{B2CF68D5-0CCB-42AC-B33F-1638AC74DC2D}.Debug|Any CPU.Build.0 = Debug|Any CPU
		{B2CF68D5-0CCB-42AC-B33F-1638AC74DC2D}.Release|Any CPU.ActiveCfg = Release|Any CPU
		{B2CF68D5-0CCB-42AC-B33F-1638AC74DC2D}.Release|Any CPU.Build.0 = Release|Any CPU
		{05172E9E-8F1E-4C58-8A3B-6F804F103C26}.Debug|Any CPU.ActiveCfg = Debug|Any CPU
		{05172E9E-8F1E-4C58-8A3B-6F804F103C26}.Debug|Any CPU.Build.0 = Debug|Any CPU
		{05172E9E-8F1E-4C58-8A3B-6F804F103C26}.Release|Any CPU.ActiveCfg = Release|Any CPU
		{05172E9E-8F1E-4C58-8A3B-6F804F103C26}.Release|Any CPU.Build.0 = Release|Any CPU
		{046676D1-7131-4B13-A6B4-2E996CE08DC0}.Debug|Any CPU.ActiveCfg = Debug|Any CPU
		{046676D1-7131-4B13-A6B4-2E996CE08DC0}.Debug|Any CPU.Build.0 = Debug|Any CPU
		{046676D1-7131-4B13-A6B4-2E996CE08DC0}.Release|Any CPU.ActiveCfg = Release|Any CPU
		{046676D1-7131-4B13-A6B4-2E996CE08DC0}.Release|Any CPU.Build.0 = Release|Any CPU
		{772AD6FA-CB7F-4BE3-9EA7-08AA996B1842}.Debug|Any CPU.ActiveCfg = Debug|Any CPU
		{772AD6FA-CB7F-4BE3-9EA7-08AA996B1842}.Debug|Any CPU.Build.0 = Debug|Any CPU
		{772AD6FA-CB7F-4BE3-9EA7-08AA996B1842}.Release|Any CPU.ActiveCfg = Release|Any CPU
		{772AD6FA-CB7F-4BE3-9EA7-08AA996B1842}.Release|Any CPU.Build.0 = Release|Any CPU
		{A8AB8B56-4C9C-4B0B-9CD6-9D22D66C3EC0}.Debug|Any CPU.ActiveCfg = Debug|Any CPU
		{A8AB8B56-4C9C-4B0B-9CD6-9D22D66C3EC0}.Debug|Any CPU.Build.0 = Debug|Any CPU
		{A8AB8B56-4C9C-4B0B-9CD6-9D22D66C3EC0}.Release|Any CPU.ActiveCfg = Release|Any CPU
		{A8AB8B56-4C9C-4B0B-9CD6-9D22D66C3EC0}.Release|Any CPU.Build.0 = Release|Any CPU
		{6982A266-E63A-4861-97F9-054F3090B2E4}.Debug|Any CPU.ActiveCfg = Debug|Any CPU
		{6982A266-E63A-4861-97F9-054F3090B2E4}.Debug|Any CPU.Build.0 = Debug|Any CPU
		{6982A266-E63A-4861-97F9-054F3090B2E4}.Release|Any CPU.ActiveCfg = Release|Any CPU
		{6982A266-E63A-4861-97F9-054F3090B2E4}.Release|Any CPU.Build.0 = Release|Any CPU
		{FF2C8E26-0733-4AE7-BEB6-61B091D49993}.Debug|Any CPU.ActiveCfg = Debug|Any CPU
		{FF2C8E26-0733-4AE7-BEB6-61B091D49993}.Debug|Any CPU.Build.0 = Debug|Any CPU
		{FF2C8E26-0733-4AE7-BEB6-61B091D49993}.Release|Any CPU.ActiveCfg = Release|Any CPU
		{FF2C8E26-0733-4AE7-BEB6-61B091D49993}.Release|Any CPU.Build.0 = Release|Any CPU
		{BF87413C-8F67-4A84-99D5-0B8D32A72A9E}.Debug|Any CPU.ActiveCfg = Debug|Any CPU
		{BF87413C-8F67-4A84-99D5-0B8D32A72A9E}.Debug|Any CPU.Build.0 = Debug|Any CPU
		{BF87413C-8F67-4A84-99D5-0B8D32A72A9E}.Release|Any CPU.ActiveCfg = Release|Any CPU
		{BF87413C-8F67-4A84-99D5-0B8D32A72A9E}.Release|Any CPU.Build.0 = Release|Any CPU
		{F92CB827-C0C7-4136-84CB-A29D989D99BF}.Debug|Any CPU.ActiveCfg = Debug|Any CPU
		{F92CB827-C0C7-4136-84CB-A29D989D99BF}.Debug|Any CPU.Build.0 = Debug|Any CPU
		{F92CB827-C0C7-4136-84CB-A29D989D99BF}.Release|Any CPU.ActiveCfg = Release|Any CPU
		{F92CB827-C0C7-4136-84CB-A29D989D99BF}.Release|Any CPU.Build.0 = Release|Any CPU
	EndGlobalSection
	GlobalSection(SolutionProperties) = preSolution
		HideSolutionNode = FALSE
	EndGlobalSection
	GlobalSection(NestedProjects) = preSolution
		{5BF22799-9AFE-45F8-8681-30A774929C31} = {07246DF6-8AA9-46C2-BDFF-8CAC43429A45}
		{A450A918-73DC-43E5-9939-2B1BA0AF7AF4} = {07246DF6-8AA9-46C2-BDFF-8CAC43429A45}
		{B2CF68D5-0CCB-42AC-B33F-1638AC74DC2D} = {A450A918-73DC-43E5-9939-2B1BA0AF7AF4}
		{05172E9E-8F1E-4C58-8A3B-6F804F103C26} = {07246DF6-8AA9-46C2-BDFF-8CAC43429A45}
		{046676D1-7131-4B13-A6B4-2E996CE08DC0} = {A450A918-73DC-43E5-9939-2B1BA0AF7AF4}
		{772AD6FA-CB7F-4BE3-9EA7-08AA996B1842} = {07246DF6-8AA9-46C2-BDFF-8CAC43429A45}
		{A8AB8B56-4C9C-4B0B-9CD6-9D22D66C3EC0} = {2DD336CD-22F5-42B1-AC89-5F8E85274995}
		{6982A266-E63A-4861-97F9-054F3090B2E4} = {07246DF6-8AA9-46C2-BDFF-8CAC43429A45}
		{FF2C8E26-0733-4AE7-BEB6-61B091D49993} = {07246DF6-8AA9-46C2-BDFF-8CAC43429A45}
		{BF87413C-8F67-4A84-99D5-0B8D32A72A9E} = {0E6F00C1-61F9-4073-B7E2-373180919B12}
		{F92CB827-C0C7-4136-84CB-A29D989D99BF} = {F51BE662-D6A0-4B68-BFFB-97AAF8E71A16}
	EndGlobalSection
	GlobalSection(ExtensibilityGlobals) = postSolution
		SolutionGuid = {1B4593EF-D1E9-4951-AE25-1802EA025EB4}
	EndGlobalSection
EndGlobal
